// !$*UTF8*$!
{
	archiveVersion = 1;
	classes = {
	};
	objectVersion = 51;
	objects = {

/* Begin PBXBuildFile section */
		783F29342447095D007E65AC /* TasksVC.swift in Sources */ = {isa = PBXBuildFile; fileRef = 783F29322447095D007E65AC /* TasksVC.swift */; };
		783F29352447095D007E65AC /* TasksVC.xib in Resources */ = {isa = PBXBuildFile; fileRef = 783F29332447095D007E65AC /* TasksVC.xib */; };
		783F29382447097C007E65AC /* TasksDetailsVC.swift in Sources */ = {isa = PBXBuildFile; fileRef = 783F29362447097C007E65AC /* TasksDetailsVC.swift */; };
		783F29392447097C007E65AC /* TasksDetailsVC.xib in Resources */ = {isa = PBXBuildFile; fileRef = 783F29372447097C007E65AC /* TasksDetailsVC.xib */; };
		783F293C24470999007E65AC /* TasksCreateVC.swift in Sources */ = {isa = PBXBuildFile; fileRef = 783F293A24470999007E65AC /* TasksCreateVC.swift */; };
		783F293D24470999007E65AC /* TasksCreateVC.xib in Resources */ = {isa = PBXBuildFile; fileRef = 783F293B24470999007E65AC /* TasksCreateVC.xib */; };
		783F29422447393C007E65AC /* TaskViewCell.swift in Sources */ = {isa = PBXBuildFile; fileRef = 783F29402447393C007E65AC /* TaskViewCell.swift */; };
		783F29432447393C007E65AC /* TaskViewCell.xib in Resources */ = {isa = PBXBuildFile; fileRef = 783F29412447393C007E65AC /* TaskViewCell.xib */; };
		783F904C24406D03002BD909 /* UserData.swift in Sources */ = {isa = PBXBuildFile; fileRef = 783F904B24406D03002BD909 /* UserData.swift */; };
		783F904E24407C6A002BD909 /* Toast.swift in Sources */ = {isa = PBXBuildFile; fileRef = 783F904D24407C6A002BD909 /* Toast.swift */; };
		785A69C6243EE5B80012BC60 /* AppDelegate.swift in Sources */ = {isa = PBXBuildFile; fileRef = 785A69C5243EE5B80012BC60 /* AppDelegate.swift */; };
		785A69CD243EE5B90012BC60 /* Assets.xcassets in Resources */ = {isa = PBXBuildFile; fileRef = 785A69CC243EE5B90012BC60 /* Assets.xcassets */; };
		785A69DA243EE91B0012BC60 /* LaunchScreen.xib in Resources */ = {isa = PBXBuildFile; fileRef = 785A69D9243EE91B0012BC60 /* LaunchScreen.xib */; };
		785A69DD243EEA740012BC60 /* LoginVC.swift in Sources */ = {isa = PBXBuildFile; fileRef = 785A69DB243EEA740012BC60 /* LoginVC.swift */; };
		785A69DE243EEA740012BC60 /* LoginVC.xib in Resources */ = {isa = PBXBuildFile; fileRef = 785A69DC243EEA740012BC60 /* LoginVC.xib */; };
		785A69E3243F19780012BC60 /* RegisterVC.swift in Sources */ = {isa = PBXBuildFile; fileRef = 785A69E1243F19780012BC60 /* RegisterVC.swift */; };
		785A69E4243F19780012BC60 /* RegisterVC.xib in Resources */ = {isa = PBXBuildFile; fileRef = 785A69E2243F19780012BC60 /* RegisterVC.xib */; };
		785A69E6243F1CB80012BC60 /* UIExtensions.swift in Sources */ = {isa = PBXBuildFile; fileRef = 785A69E5243F1CB80012BC60 /* UIExtensions.swift */; };
		785A69E8243F23C30012BC60 /* APIService.swift in Sources */ = {isa = PBXBuildFile; fileRef = 785A69E7243F23C30012BC60 /* APIService.swift */; };
		78CE98DB24484AE30066A697 /* TaskData.swift in Sources */ = {isa = PBXBuildFile; fileRef = 78CE98DA24484AE30066A697 /* TaskData.swift */; };
		78CE98E124488D770066A697 /* Repository.swift in Sources */ = {isa = PBXBuildFile; fileRef = 78CE98E024488D770066A697 /* Repository.swift */; };
		ED77E176A4E1A99C4AA24871 /* Pods_Lab2.framework in Frameworks */ = {isa = PBXBuildFile; fileRef = EC4A27D5AB3DCA4DCFE3D30D /* Pods_Lab2.framework */; };
/* End PBXBuildFile section */

/* Begin PBXFileReference section */
		1E7FB95A783C34C59F0892AE /* Pods-Lab2.release.xcconfig */ = {isa = PBXFileReference; includeInIndex = 1; lastKnownFileType = text.xcconfig; name = "Pods-Lab2.release.xcconfig"; path = "Target Support Files/Pods-Lab2/Pods-Lab2.release.xcconfig"; sourceTree = "<group>"; };
		783F29322447095D007E65AC /* TasksVC.swift */ = {isa = PBXFileReference; lastKnownFileType = sourcecode.swift; path = TasksVC.swift; sourceTree = "<group>"; };
		783F29332447095D007E65AC /* TasksVC.xib */ = {isa = PBXFileReference; lastKnownFileType = file.xib; path = TasksVC.xib; sourceTree = "<group>"; };
		783F29362447097C007E65AC /* TasksDetailsVC.swift */ = {isa = PBXFileReference; lastKnownFileType = sourcecode.swift; path = TasksDetailsVC.swift; sourceTree = "<group>"; };
		783F29372447097C007E65AC /* TasksDetailsVC.xib */ = {isa = PBXFileReference; lastKnownFileType = file.xib; path = TasksDetailsVC.xib; sourceTree = "<group>"; };
		783F293A24470999007E65AC /* TasksCreateVC.swift */ = {isa = PBXFileReference; lastKnownFileType = sourcecode.swift; path = TasksCreateVC.swift; sourceTree = "<group>"; };
		783F293B24470999007E65AC /* TasksCreateVC.xib */ = {isa = PBXFileReference; lastKnownFileType = file.xib; path = TasksCreateVC.xib; sourceTree = "<group>"; };
		783F29402447393C007E65AC /* TaskViewCell.swift */ = {isa = PBXFileReference; lastKnownFileType = sourcecode.swift; path = TaskViewCell.swift; sourceTree = "<group>"; };
		783F29412447393C007E65AC /* TaskViewCell.xib */ = {isa = PBXFileReference; lastKnownFileType = file.xib; path = TaskViewCell.xib; sourceTree = "<group>"; };
		783F904B24406D03002BD909 /* UserData.swift */ = {isa = PBXFileReference; lastKnownFileType = sourcecode.swift; path = UserData.swift; sourceTree = "<group>"; };
		783F904D24407C6A002BD909 /* Toast.swift */ = {isa = PBXFileReference; lastKnownFileType = sourcecode.swift; path = Toast.swift; sourceTree = "<group>"; };
		785A69C2243EE5B80012BC60 /* Lab2.app */ = {isa = PBXFileReference; explicitFileType = wrapper.application; includeInIndex = 0; path = Lab2.app; sourceTree = BUILT_PRODUCTS_DIR; };
		785A69C5243EE5B80012BC60 /* AppDelegate.swift */ = {isa = PBXFileReference; lastKnownFileType = sourcecode.swift; path = AppDelegate.swift; sourceTree = "<group>"; };
		785A69CC243EE5B90012BC60 /* Assets.xcassets */ = {isa = PBXFileReference; lastKnownFileType = folder.assetcatalog; path = Assets.xcassets; sourceTree = "<group>"; };
		785A69D1243EE5B90012BC60 /* Info.plist */ = {isa = PBXFileReference; lastKnownFileType = text.plist.xml; path = Info.plist; sourceTree = "<group>"; };
		785A69D9243EE91B0012BC60 /* LaunchScreen.xib */ = {isa = PBXFileReference; lastKnownFileType = file.xib; path = LaunchScreen.xib; sourceTree = "<group>"; };
		785A69DB243EEA740012BC60 /* LoginVC.swift */ = {isa = PBXFileReference; lastKnownFileType = sourcecode.swift; path = LoginVC.swift; sourceTree = "<group>"; };
		785A69DC243EEA740012BC60 /* LoginVC.xib */ = {isa = PBXFileReference; lastKnownFileType = file.xib; path = LoginVC.xib; sourceTree = "<group>"; };
		785A69E1243F19780012BC60 /* RegisterVC.swift */ = {isa = PBXFileReference; lastKnownFileType = sourcecode.swift; path = RegisterVC.swift; sourceTree = "<group>"; };
		785A69E2243F19780012BC60 /* RegisterVC.xib */ = {isa = PBXFileReference; lastKnownFileType = file.xib; path = RegisterVC.xib; sourceTree = "<group>"; };
		785A69E5243F1CB80012BC60 /* UIExtensions.swift */ = {isa = PBXFileReference; lastKnownFileType = sourcecode.swift; path = UIExtensions.swift; sourceTree = "<group>"; };
		785A69E7243F23C30012BC60 /* APIService.swift */ = {isa = PBXFileReference; lastKnownFileType = sourcecode.swift; path = APIService.swift; sourceTree = "<group>"; };
		78CE98DA24484AE30066A697 /* TaskData.swift */ = {isa = PBXFileReference; lastKnownFileType = sourcecode.swift; path = TaskData.swift; sourceTree = "<group>"; };
		78CE98E024488D770066A697 /* Repository.swift */ = {isa = PBXFileReference; lastKnownFileType = sourcecode.swift; path = Repository.swift; sourceTree = "<group>"; };
		8FE8CE7E1937ABFEE74DBE23 /* Pods-Lab2.debug.xcconfig */ = {isa = PBXFileReference; includeInIndex = 1; lastKnownFileType = text.xcconfig; name = "Pods-Lab2.debug.xcconfig"; path = "Target Support Files/Pods-Lab2/Pods-Lab2.debug.xcconfig"; sourceTree = "<group>"; };
		EC4A27D5AB3DCA4DCFE3D30D /* Pods_Lab2.framework */ = {isa = PBXFileReference; explicitFileType = wrapper.framework; includeInIndex = 0; path = Pods_Lab2.framework; sourceTree = BUILT_PRODUCTS_DIR; };
/* End PBXFileReference section */

/* Begin PBXFrameworksBuildPhase section */
		785A69BF243EE5B80012BC60 /* Frameworks */ = {
			isa = PBXFrameworksBuildPhase;
			buildActionMask = 2147483647;
			files = (
				ED77E176A4E1A99C4AA24871 /* Pods_Lab2.framework in Frameworks */,
			);
			runOnlyForDeploymentPostprocessing = 0;
		};
/* End PBXFrameworksBuildPhase section */

/* Begin PBXGroup section */
		66339F392A5FD4B364AF7B11 /* Pods */ = {
			isa = PBXGroup;
			children = (
				8FE8CE7E1937ABFEE74DBE23 /* Pods-Lab2.debug.xcconfig */,
				1E7FB95A783C34C59F0892AE /* Pods-Lab2.release.xcconfig */,
			);
			path = Pods;
			sourceTree = "<group>";
		};
		78323285244993D40047D9EF /* Controllers */ = {
			isa = PBXGroup;
			children = (
				785A69DB243EEA740012BC60 /* LoginVC.swift */,
				785A69E1243F19780012BC60 /* RegisterVC.swift */,
				783F29322447095D007E65AC /* TasksVC.swift */,
				783F29362447097C007E65AC /* TasksDetailsVC.swift */,
				783F293A24470999007E65AC /* TasksCreateVC.swift */,
				783F29402447393C007E65AC /* TaskViewCell.swift */,
			);
			path = Controllers;
			sourceTree = "<group>";
		};
		78323286244994080047D9EF /* Views */ = {
			isa = PBXGroup;
			children = (
				785A69D9243EE91B0012BC60 /* LaunchScreen.xib */,
				785A69DC243EEA740012BC60 /* LoginVC.xib */,
				785A69E2243F19780012BC60 /* RegisterVC.xib */,
				783F29332447095D007E65AC /* TasksVC.xib */,
				783F29372447097C007E65AC /* TasksDetailsVC.xib */,
				783F293B24470999007E65AC /* TasksCreateVC.xib */,
				783F29412447393C007E65AC /* TaskViewCell.xib */,
			);
			path = Views;
			sourceTree = "<group>";
		};
		785A69B9243EE5B70012BC60 = {
			isa = PBXGroup;
			children = (
				785A69C4243EE5B80012BC60 /* Lab2 */,
				785A69C3243EE5B80012BC60 /* Products */,
				66339F392A5FD4B364AF7B11 /* Pods */,
				7C2A9F8DDB34524261F56C3E /* Frameworks */,
			);
			sourceTree = "<group>";
		};
		785A69C3243EE5B80012BC60 /* Products */ = {
			isa = PBXGroup;
			children = (
				785A69C2243EE5B80012BC60 /* Lab2.app */,
			);
			name = Products;
			sourceTree = "<group>";
		};
		785A69C4243EE5B80012BC60 /* Lab2 */ = {
			isa = PBXGroup;
			children = (
				78323286244994080047D9EF /* Views */,
				78323285244993D40047D9EF /* Controllers */,
				78CE98DF24488BE10066A697 /* Services */,
				78CE98DE24488BCD0066A697 /* Model */,
				785A69C5243EE5B80012BC60 /* AppDelegate.swift */,
				785A69CC243EE5B90012BC60 /* Assets.xcassets */,
				785A69D1243EE5B90012BC60 /* Info.plist */,
			);
			path = Lab2;
			sourceTree = "<group>";
		};
		78CE98DE24488BCD0066A697 /* Model */ = {
			isa = PBXGroup;
			children = (
				783F904B24406D03002BD909 /* UserData.swift */,
				78CE98DA24484AE30066A697 /* TaskData.swift */,
				78CE98E024488D770066A697 /* Repository.swift */,
			);
			path = Model;
			sourceTree = "<group>";
		};
		78CE98DF24488BE10066A697 /* Services */ = {
			isa = PBXGroup;
			children = (
				785A69E5243F1CB80012BC60 /* UIExtensions.swift */,
				783F904D24407C6A002BD909 /* Toast.swift */,
				785A69E7243F23C30012BC60 /* APIService.swift */,
			);
			path = Services;
			sourceTree = "<group>";
		};
		7C2A9F8DDB34524261F56C3E /* Frameworks */ = {
			isa = PBXGroup;
			children = (
				EC4A27D5AB3DCA4DCFE3D30D /* Pods_Lab2.framework */,
			);
			name = Frameworks;
			sourceTree = "<group>";
		};
/* End PBXGroup section */

/* Begin PBXNativeTarget section */
		785A69C1243EE5B80012BC60 /* Lab2 */ = {
			isa = PBXNativeTarget;
			buildConfigurationList = 785A69D4243EE5B90012BC60 /* Build configuration list for PBXNativeTarget "Lab2" */;
			buildPhases = (
				648885A4C6696DDCF8C33305 /* [CP] Check Pods Manifest.lock */,
				785A69BE243EE5B80012BC60 /* Sources */,
				785A69BF243EE5B80012BC60 /* Frameworks */,
				785A69C0243EE5B80012BC60 /* Resources */,
				B7552204BE95BD19D8A3B518 /* [CP] Embed Pods Frameworks */,
			);
			buildRules = (
			);
			dependencies = (
			);
			name = Lab2;
			productName = Lab2;
			productReference = 785A69C2243EE5B80012BC60 /* Lab2.app */;
			productType = "com.apple.product-type.application";
		};
/* End PBXNativeTarget section */

/* Begin PBXProject section */
		785A69BA243EE5B70012BC60 /* Project object */ = {
			isa = PBXProject;
			attributes = {
				LastSwiftUpdateCheck = 1030;
				LastUpgradeCheck = 1030;
				ORGANIZATIONNAME = TSU;
				TargetAttributes = {
					785A69C1243EE5B80012BC60 = {
						CreatedOnToolsVersion = 10.3;
					};
				};
			};
			buildConfigurationList = 785A69BD243EE5B80012BC60 /* Build configuration list for PBXProject "Lab2" */;
			compatibilityVersion = "Xcode 9.3";
			developmentRegion = en;
			hasScannedForEncodings = 0;
			knownRegions = (
				en,
				Base,
			);
			mainGroup = 785A69B9243EE5B70012BC60;
			productRefGroup = 785A69C3243EE5B80012BC60 /* Products */;
			projectDirPath = "";
			projectRoot = "";
			targets = (
				785A69C1243EE5B80012BC60 /* Lab2 */,
			);
		};
/* End PBXProject section */

/* Begin PBXResourcesBuildPhase section */
		785A69C0243EE5B80012BC60 /* Resources */ = {
			isa = PBXResourcesBuildPhase;
			buildActionMask = 2147483647;
			files = (
				783F29352447095D007E65AC /* TasksVC.xib in Resources */,
				785A69DE243EEA740012BC60 /* LoginVC.xib in Resources */,
				783F29432447393C007E65AC /* TaskViewCell.xib in Resources */,
				785A69E4243F19780012BC60 /* RegisterVC.xib in Resources */,
				785A69CD243EE5B90012BC60 /* Assets.xcassets in Resources */,
				785A69DA243EE91B0012BC60 /* LaunchScreen.xib in Resources */,
				783F29392447097C007E65AC /* TasksDetailsVC.xib in Resources */,
				783F293D24470999007E65AC /* TasksCreateVC.xib in Resources */,
			);
			runOnlyForDeploymentPostprocessing = 0;
		};
/* End PBXResourcesBuildPhase section */

/* Begin PBXShellScriptBuildPhase section */
		648885A4C6696DDCF8C33305 /* [CP] Check Pods Manifest.lock */ = {
			isa = PBXShellScriptBuildPhase;
			buildActionMask = 2147483647;
			files = (
			);
			inputFileListPaths = (
			);
			inputPaths = (
				"${PODS_PODFILE_DIR_PATH}/Podfile.lock",
				"${PODS_ROOT}/Manifest.lock",
			);
			name = "[CP] Check Pods Manifest.lock";
			outputFileListPaths = (
			);
			outputPaths = (
				"$(DERIVED_FILE_DIR)/Pods-Lab2-checkManifestLockResult.txt",
			);
			runOnlyForDeploymentPostprocessing = 0;
			shellPath = /bin/sh;
			shellScript = "diff \"${PODS_PODFILE_DIR_PATH}/Podfile.lock\" \"${PODS_ROOT}/Manifest.lock\" > /dev/null\nif [ $? != 0 ] ; then\n    # print error to STDERR\n    echo \"error: The sandbox is not in sync with the Podfile.lock. Run 'pod install' or update your CocoaPods installation.\" >&2\n    exit 1\nfi\n# This output is used by Xcode 'outputs' to avoid re-running this script phase.\necho \"SUCCESS\" > \"${SCRIPT_OUTPUT_FILE_0}\"\n";
			showEnvVarsInLog = 0;
		};
		B7552204BE95BD19D8A3B518 /* [CP] Embed Pods Frameworks */ = {
			isa = PBXShellScriptBuildPhase;
			buildActionMask = 2147483647;
			files = (
			);
			inputFileListPaths = (
				"${PODS_ROOT}/Target Support Files/Pods-Lab2/Pods-Lab2-frameworks-${CONFIGURATION}-input-files.xcfilelist",
			);
			name = "[CP] Embed Pods Frameworks";
			outputFileListPaths = (
				"${PODS_ROOT}/Target Support Files/Pods-Lab2/Pods-Lab2-frameworks-${CONFIGURATION}-output-files.xcfilelist",
			);
			runOnlyForDeploymentPostprocessing = 0;
			shellPath = /bin/sh;
			shellScript = "\"${PODS_ROOT}/Target Support Files/Pods-Lab2/Pods-Lab2-frameworks.sh\"\n";
			showEnvVarsInLog = 0;
		};
/* End PBXShellScriptBuildPhase section */

/* Begin PBXSourcesBuildPhase section */
		785A69BE243EE5B80012BC60 /* Sources */ = {
			isa = PBXSourcesBuildPhase;
			buildActionMask = 2147483647;
			files = (
				783F293C24470999007E65AC /* TasksCreateVC.swift in Sources */,
				785A69E3243F19780012BC60 /* RegisterVC.swift in Sources */,
				78CE98DB24484AE30066A697 /* TaskData.swift in Sources */,
				78CE98E124488D770066A697 /* Repository.swift in Sources */,
				785A69E8243F23C30012BC60 /* APIService.swift in Sources */,
				783F29342447095D007E65AC /* TasksVC.swift in Sources */,
				783F904C24406D03002BD909 /* UserData.swift in Sources */,
				783F29422447393C007E65AC /* TaskViewCell.swift in Sources */,
				785A69DD243EEA740012BC60 /* LoginVC.swift in Sources */,
				783F29382447097C007E65AC /* TasksDetailsVC.swift in Sources */,
				785A69C6243EE5B80012BC60 /* AppDelegate.swift in Sources */,
				785A69E6243F1CB80012BC60 /* UIExtensions.swift in Sources */,
				783F904E24407C6A002BD909 /* Toast.swift in Sources */,
			);
			runOnlyForDeploymentPostprocessing = 0;
		};
/* End PBXSourcesBuildPhase section */

/* Begin XCBuildConfiguration section */
		785A69D2243EE5B90012BC60 /* Debug */ = {
			isa = XCBuildConfiguration;
			buildSettings = {
				ALWAYS_SEARCH_USER_PATHS = NO;
				CLANG_ANALYZER_NONNULL = YES;
				CLANG_ANALYZER_NUMBER_OBJECT_CONVERSION = YES_AGGRESSIVE;
				CLANG_CXX_LANGUAGE_STANDARD = "gnu++14";
				CLANG_CXX_LIBRARY = "libc++";
				CLANG_ENABLE_MODULES = YES;
				CLANG_ENABLE_OBJC_ARC = YES;
				CLANG_ENABLE_OBJC_WEAK = YES;
				CLANG_WARN_BLOCK_CAPTURE_AUTORELEASING = YES;
				CLANG_WARN_BOOL_CONVERSION = YES;
				CLANG_WARN_COMMA = YES;
				CLANG_WARN_CONSTANT_CONVERSION = YES;
				CLANG_WARN_DEPRECATED_OBJC_IMPLEMENTATIONS = YES;
				CLANG_WARN_DIRECT_OBJC_ISA_USAGE = YES_ERROR;
				CLANG_WARN_DOCUMENTATION_COMMENTS = YES;
				CLANG_WARN_EMPTY_BODY = YES;
				CLANG_WARN_ENUM_CONVERSION = YES;
				CLANG_WARN_INFINITE_RECURSION = YES;
				CLANG_WARN_INT_CONVERSION = YES;
				CLANG_WARN_NON_LITERAL_NULL_CONVERSION = YES;
				CLANG_WARN_OBJC_IMPLICIT_RETAIN_SELF = YES;
				CLANG_WARN_OBJC_LITERAL_CONVERSION = YES;
				CLANG_WARN_OBJC_ROOT_CLASS = YES_ERROR;
				CLANG_WARN_RANGE_LOOP_ANALYSIS = YES;
				CLANG_WARN_STRICT_PROTOTYPES = YES;
				CLANG_WARN_SUSPICIOUS_MOVE = YES;
				CLANG_WARN_UNGUARDED_AVAILABILITY = YES_AGGRESSIVE;
				CLANG_WARN_UNREACHABLE_CODE = YES;
				CLANG_WARN__DUPLICATE_METHOD_MATCH = YES;
				CODE_SIGN_IDENTITY = "iPhone Developer";
				COPY_PHASE_STRIP = NO;
				DEBUG_INFORMATION_FORMAT = dwarf;
				ENABLE_STRICT_OBJC_MSGSEND = YES;
				ENABLE_TESTABILITY = YES;
				GCC_C_LANGUAGE_STANDARD = gnu11;
				GCC_DYNAMIC_NO_PIC = NO;
				GCC_NO_COMMON_BLOCKS = YES;
				GCC_OPTIMIZATION_LEVEL = 0;
				GCC_PREPROCESSOR_DEFINITIONS = (
					"DEBUG=1",
					"$(inherited)",
				);
				GCC_WARN_64_TO_32_BIT_CONVERSION = YES;
				GCC_WARN_ABOUT_RETURN_TYPE = YES_ERROR;
				GCC_WARN_UNDECLARED_SELECTOR = YES;
				GCC_WARN_UNINITIALIZED_AUTOS = YES_AGGRESSIVE;
				GCC_WARN_UNUSED_FUNCTION = YES;
				GCC_WARN_UNUSED_VARIABLE = YES;
				IPHONEOS_DEPLOYMENT_TARGET = 12.4;
				MTL_ENABLE_DEBUG_INFO = INCLUDE_SOURCE;
				MTL_FAST_MATH = YES;
				ONLY_ACTIVE_ARCH = YES;
				SDKROOT = iphoneos;
				SWIFT_ACTIVE_COMPILATION_CONDITIONS = DEBUG;
				SWIFT_OPTIMIZATION_LEVEL = "-Onone";
			};
			name = Debug;
		};
		785A69D3243EE5B90012BC60 /* Release */ = {
			isa = XCBuildConfiguration;
			buildSettings = {
				ALWAYS_SEARCH_USER_PATHS = NO;
				CLANG_ANALYZER_NONNULL = YES;
				CLANG_ANALYZER_NUMBER_OBJECT_CONVERSION = YES_AGGRESSIVE;
				CLANG_CXX_LANGUAGE_STANDARD = "gnu++14";
				CLANG_CXX_LIBRARY = "libc++";
				CLANG_ENABLE_MODULES = YES;
				CLANG_ENABLE_OBJC_ARC = YES;
				CLANG_ENABLE_OBJC_WEAK = YES;
				CLANG_WARN_BLOCK_CAPTURE_AUTORELEASING = YES;
				CLANG_WARN_BOOL_CONVERSION = YES;
				CLANG_WARN_COMMA = YES;
				CLANG_WARN_CONSTANT_CONVERSION = YES;
				CLANG_WARN_DEPRECATED_OBJC_IMPLEMENTATIONS = YES;
				CLANG_WARN_DIRECT_OBJC_ISA_USAGE = YES_ERROR;
				CLANG_WARN_DOCUMENTATION_COMMENTS = YES;
				CLANG_WARN_EMPTY_BODY = YES;
				CLANG_WARN_ENUM_CONVERSION = YES;
				CLANG_WARN_INFINITE_RECURSION = YES;
				CLANG_WARN_INT_CONVERSION = YES;
				CLANG_WARN_NON_LITERAL_NULL_CONVERSION = YES;
				CLANG_WARN_OBJC_IMPLICIT_RETAIN_SELF = YES;
				CLANG_WARN_OBJC_LITERAL_CONVERSION = YES;
				CLANG_WARN_OBJC_ROOT_CLASS = YES_ERROR;
				CLANG_WARN_RANGE_LOOP_ANALYSIS = YES;
				CLANG_WARN_STRICT_PROTOTYPES = YES;
				CLANG_WARN_SUSPICIOUS_MOVE = YES;
				CLANG_WARN_UNGUARDED_AVAILABILITY = YES_AGGRESSIVE;
				CLANG_WARN_UNREACHABLE_CODE = YES;
				CLANG_WARN__DUPLICATE_METHOD_MATCH = YES;
				CODE_SIGN_IDENTITY = "iPhone Developer";
				COPY_PHASE_STRIP = NO;
				DEBUG_INFORMATION_FORMAT = "dwarf-with-dsym";
				ENABLE_NS_ASSERTIONS = NO;
				ENABLE_STRICT_OBJC_MSGSEND = YES;
				GCC_C_LANGUAGE_STANDARD = gnu11;
				GCC_NO_COMMON_BLOCKS = YES;
				GCC_WARN_64_TO_32_BIT_CONVERSION = YES;
				GCC_WARN_ABOUT_RETURN_TYPE = YES_ERROR;
				GCC_WARN_UNDECLARED_SELECTOR = YES;
				GCC_WARN_UNINITIALIZED_AUTOS = YES_AGGRESSIVE;
				GCC_WARN_UNUSED_FUNCTION = YES;
				GCC_WARN_UNUSED_VARIABLE = YES;
				IPHONEOS_DEPLOYMENT_TARGET = 12.4;
				MTL_ENABLE_DEBUG_INFO = NO;
				MTL_FAST_MATH = YES;
				SDKROOT = iphoneos;
				SWIFT_COMPILATION_MODE = wholemodule;
				SWIFT_OPTIMIZATION_LEVEL = "-O";
				VALIDATE_PRODUCT = YES;
			};
			name = Release;
		};
		785A69D5243EE5B90012BC60 /* Debug */ = {
			isa = XCBuildConfiguration;
			baseConfigurationReference = 8FE8CE7E1937ABFEE74DBE23 /* Pods-Lab2.debug.xcconfig */;
			buildSettings = {
				ASSETCATALOG_COMPILER_APPICON_NAME = AppIcon;
				CODE_SIGN_STYLE = Automatic;
				DEVELOPMENT_TEAM = HVG8GM86R8;
				INFOPLIST_FILE = Lab2/Info.plist;
				LD_RUNPATH_SEARCH_PATHS = (
					"$(inherited)",
					"@executable_path/Frameworks",
				);
				PRODUCT_BUNDLE_IDENTIFIER = tsu.Lab2;
				PRODUCT_NAME = "$(TARGET_NAME)";
				SWIFT_VERSION = 5.0;
				TARGETED_DEVICE_FAMILY = "1,2";
			};
			name = Debug;
		};
		785A69D6243EE5B90012BC60 /* Release */ = {
			isa = XCBuildConfiguration;
			baseConfigurationReference = 1E7FB95A783C34C59F0892AE /* Pods-Lab2.release.xcconfig */;
			buildSettings = {
				ASSETCATALOG_COMPILER_APPICON_NAME = AppIcon;
				CODE_SIGN_STYLE = Automatic;
				DEVELOPMENT_TEAM = HVG8GM86R8;
				INFOPLIST_FILE = Lab2/Info.plist;
				LD_RUNPATH_SEARCH_PATHS = (
					"$(inherited)",
					"@executable_path/Frameworks",
				);
				PRODUCT_BUNDLE_IDENTIFIER = tsu.Lab2;
				PRODUCT_NAME = "$(TARGET_NAME)";
				SWIFT_VERSION = 5.0;
				TARGETED_DEVICE_FAMILY = "1,2";
			};
			name = Release;
		};
/* End XCBuildConfiguration section */

/* Begin XCConfigurationList section */
		785A69BD243EE5B80012BC60 /* Build configuration list for PBXProject "Lab2" */ = {
			isa = XCConfigurationList;
			buildConfigurations = (
				785A69D2243EE5B90012BC60 /* Debug */,
				785A69D3243EE5B90012BC60 /* Release */,
			);
			defaultConfigurationIsVisible = 0;
			defaultConfigurationName = Release;
		};
		785A69D4243EE5B90012BC60 /* Build configuration list for PBXNativeTarget "Lab2" */ = {
			isa = XCConfigurationList;
			buildConfigurations = (
				785A69D5243EE5B90012BC60 /* Debug */,
				785A69D6243EE5B90012BC60 /* Release */,
			);
			defaultConfigurationIsVisible = 0;
			defaultConfigurationName = Release;
		};
/* End XCConfigurationList section */
	};
	rootObject = 785A69BA243EE5B70012BC60 /* Project object */;
}
